// !$*UTF8*$!
{
	archiveVersion = 1;
	classes = {
	};
	objectVersion = 77;
	objects = {

/* Begin PBXBuildFile section */
		2A0A7C043024C307001EA23E /* RevenueCat in Frameworks */ = {isa = PBXBuildFile; productRef = 2A0A7C033024C307001EA23E /* RevenueCat */; };
		2A0A7C063024C307001EA23E /* RevenueCatUI in Frameworks */ = {isa = PBXBuildFile; productRef = 2A0A7C053024C307001EA23E /* RevenueCatUI */; };
		AA000011302316AF001EA23E /* ContentView.swift in Sources */ = {isa = PBXBuildFile; fileRef = AA000001302316AF001EA23E /* ContentView.swift */; };
		AA000012302316AF001EA23E /* HomeView.swift in Sources */ = {isa = PBXBuildFile; fileRef = AA000002302316AF001EA23E /* HomeView.swift */; };
		AA000013302316AF001EA23E /* StockView.swift in Sources */ = {isa = PBXBuildFile; fileRef = AA000003302316AF001EA23E /* StockView.swift */; };
		AA000014302316AF001EA23E /* PlayerView.swift in Sources */ = {isa = PBXBuildFile; fileRef = AA000004302316AF001EA23E /* PlayerView.swift */; };
		AA000015302316AF001EA23E /* LogView.swift in Sources */ = {isa = PBXBuildFile; fileRef = AA000005302316AF001EA23E /* LogView.swift */; };
		AA000016302316AF001EA23E /* SettingsView.swift in Sources */ = {isa = PBXBuildFile; fileRef = AA000006302316AF001EA23E /* SettingsView.swift */; };
		AA000017302316AF001EA23E /* TsundokuApp.swift in Sources */ = {isa = PBXBuildFile; fileRef = AA000007302316AF001EA23E /* TsundokuApp.swift */; };
		AA000018302316AF001EA23E /* Assets.xcassets in Resources */ = {isa = PBXBuildFile; fileRef = AA000008302316AF001EA23E /* Assets.xcassets */; };
		AA000019302316AF001EA23E /* OnboardingView.swift in Sources */ = {isa = PBXBuildFile; fileRef = AA000009302316AF001EA23E /* OnboardingView.swift */; };
		AA00001A302316AF001EA23E /* SignupView.swift in Sources */ = {isa = PBXBuildFile; fileRef = AA00000A302316AF001EA23E /* SignupView.swift */; };
		AA00001B302316AF001EA23E /* AppDesign.swift in Sources */ = {isa = PBXBuildFile; fileRef = AA00000B302316AF001EA23E /* AppDesign.swift */; };
		AB000011302316AF001EA23E /* HomeViewEN.swift in Sources */ = {isa = PBXBuildFile; fileRef = AB000001302316AF001EA23E /* HomeViewEN.swift */; };
		AB000012302316AF001EA23E /* StockViewEN.swift in Sources */ = {isa = PBXBuildFile; fileRef = AB000002302316AF001EA23E /* StockViewEN.swift */; };
		AB000013302316AF001EA23E /* PlayerViewEN.swift in Sources */ = {isa = PBXBuildFile; fileRef = AB000003302316AF001EA23E /* PlayerViewEN.swift */; };
		AB000014302316AF001EA23E /* LogViewEN.swift in Sources */ = {isa = PBXBuildFile; fileRef = AB000004302316AF001EA23E /* LogViewEN.swift */; };
		AB000015302316AF001EA23E /* SettingsViewEN.swift in Sources */ = {isa = PBXBuildFile; fileRef = AB000005302316AF001EA23E /* SettingsViewEN.swift */; };
		AB000016302316AF001EA23E /* OnboardingViewEN.swift in Sources */ = {isa = PBXBuildFile; fileRef = AB000006302316AF001EA23E /* OnboardingViewEN.swift */; };
		AB000017302316AF001EA23E /* SignupViewEN.swift in Sources */ = {isa = PBXBuildFile; fileRef = AB000007302316AF001EA23E /* SignupViewEN.swift */; };
		AC000011302316AF001EA23E /* ArticleLibrary.swift in Sources */ = {isa = PBXBuildFile; fileRef = AC000001302316AF001EA23E /* ArticleLibrary.swift */; };
		AC000012302316AF001EA23E /* ArticleLibrary.swift in Sources */ = {isa = PBXBuildFile; fileRef = AC000001302316AF001EA23E /* ArticleLibrary.swift */; };
		AC000013302316AF001EA23E /* ShareViewController.swift in Sources */ = {isa = PBXBuildFile; fileRef = AC000004302316AF001EA23E /* ShareViewController.swift */; };
		AE000012302316AF001EA23E /* Config.swift in Sources */ = {isa = PBXBuildFile; fileRef = AE000001302316AF001EA23E /* Config.swift */; };
		AC000014302316AF001EA23E /* ShareExtension.appex in Embed App Extensions */ = {isa = PBXBuildFile; fileRef = AC000003302316AF001EA23E /* ShareExtension.appex */; settings = {ATTRIBUTES = (RemoveHeadersOnCopy, ); }; };
		AD000011302316AF001EA23E /* AuthService.swift in Sources */ = {isa = PBXBuildFile; fileRef = AD000001302316AF001EA23E /* AuthService.swift */; };
		AE000011302316AF001EA23E /* Config.swift in Sources */ = {isa = PBXBuildFile; fileRef = AE000001302316AF001EA23E /* Config.swift */; };
		AF000011302316AF001EA23E /* GoogleSignIn in Frameworks */ = {isa = PBXBuildFile; productRef = AF000021302316AF001EA23E /* GoogleSignIn */; };
		B1000001302316AF001EA23E /* SubscriptionManagementView.swift in Sources */ = {isa = PBXBuildFile; fileRef = B1000000302316AF001EA23E /* SubscriptionManagementView.swift */; };
		B2000001302316AF001EA23E /* ErrorView.swift in Sources */ = {isa = PBXBuildFile; fileRef = B2000000302316AF001EA23E /* ErrorView.swift */; };
		B2000002302316AF001EA23E /* RequestReview.swift in Sources */ = {isa = PBXBuildFile; fileRef = B2000004302316AF001EA23E /* RequestReview.swift */; };
		B3000001302316AF001EA23E /* AuthenticationModeTabs.swift in Sources */ = {isa = PBXBuildFile; fileRef = B3000004302316AF001EA23E /* AuthenticationModeTabs.swift */; };
		B4000001302316AF001EA23E /* CastPlaybackStore.swift in Sources */ = {isa = PBXBuildFile; fileRef = B4000004302316AF001EA23E /* CastPlaybackStore.swift */; };
		B5000001302316AF001EA23E /* AIDataUseView.swift in Sources */ = {isa = PBXBuildFile; fileRef = B5000004302316AF001EA23E /* AIDataUseView.swift */; };
		B5000002302316AF001EA23E /* NetworkStatus.swift in Sources */ = {isa = PBXBuildFile; fileRef = B5000005302316AF001EA23E /* NetworkStatus.swift */; };
		B6000001302316AF001EA23E /* SupportView.swift in Sources */ = {isa = PBXBuildFile; fileRef = B6000000302316AF001EA23E /* SupportView.swift */; };
		C1000001302316AF001EA23E /* LoginView.swift in Sources */ = {isa = PBXBuildFile; fileRef = C1000000302316AF001EA23E /* LoginView.swift */; };
/* End PBXBuildFile section */

/* Begin PBXContainerItemProxy section */
		2A0A7B80302316B1001EA23E /* PBXContainerItemProxy */ = {
			isa = PBXContainerItemProxy;
			containerPortal = 2A0A7B6A302316AF001EA23E /* Project object */;
			proxyType = 1;
			remoteGlobalIDString = 2A0A7B71302316AF001EA23E;
			remoteInfo = Tsundoku;
		};
		2A0A7B8A302316B1001EA23E /* PBXContainerItemProxy */ = {
			isa = PBXContainerItemProxy;
			containerPortal = 2A0A7B6A302316AF001EA23E /* Project object */;
			proxyType = 1;
			remoteGlobalIDString = 2A0A7B71302316AF001EA23E;
			remoteInfo = Tsundoku;
		};
		AC000020302316AF001EA23E /* PBXContainerItemProxy */ = {
			isa = PBXContainerItemProxy;
			containerPortal = 2A0A7B6A302316AF001EA23E /* Project object */;
			proxyType = 1;
			remoteGlobalIDString = AC000050302316AF001EA23E;
			remoteInfo = ShareExtension;
		};
/* End PBXContainerItemProxy section */

/* Begin PBXCopyFilesBuildPhase section */
		AC000043302316AF001EA23E /* Embed App Extensions */ = {
			isa = PBXCopyFilesBuildPhase;
			buildActionMask = 2147483647;
			dstPath = "";
			dstSubfolderSpec = 13;
			files = (
				AC000014302316AF001EA23E /* ShareExtension.appex in Embed App Extensions */,
			);
			name = "Embed App Extensions";
			runOnlyForDeploymentPostprocessing = 0;
		};
/* End PBXCopyFilesBuildPhase section */

/* Begin PBXFileReference section */
		2A0A7B72302316AF001EA23E /* Tsundoku.app */ = {isa = PBXFileReference; explicitFileType = wrapper.application; includeInIndex = 0; path = Tsundoku.app; sourceTree = BUILT_PRODUCTS_DIR; };
		2A0A7B7F302316B1001EA23E /* TsundokuTests.xctest */ = {isa = PBXFileReference; explicitFileType = wrapper.cfbundle; includeInIndex = 0; path = TsundokuTests.xctest; sourceTree = BUILT_PRODUCTS_DIR; };
		2A0A7B89302316B1001EA23E /* TsundokuUITests.xctest */ = {isa = PBXFileReference; explicitFileType = wrapper.cfbundle; includeInIndex = 0; path = TsundokuUITests.xctest; sourceTree = BUILT_PRODUCTS_DIR; };
		AA000001302316AF001EA23E /* ContentView.swift */ = {isa = PBXFileReference; lastKnownFileType = sourcecode.swift; path = ContentView.swift; sourceTree = "<group>"; };
		AA000002302316AF001EA23E /* HomeView.swift */ = {isa = PBXFileReference; lastKnownFileType = sourcecode.swift; path = HomeView.swift; sourceTree = "<group>"; };
		AA000003302316AF001EA23E /* StockView.swift */ = {isa = PBXFileReference; lastKnownFileType = sourcecode.swift; path = StockView.swift; sourceTree = "<group>"; };
		AA000004302316AF001EA23E /* PlayerView.swift */ = {isa = PBXFileReference; lastKnownFileType = sourcecode.swift; path = PlayerView.swift; sourceTree = "<group>"; };
		AA000005302316AF001EA23E /* LogView.swift */ = {isa = PBXFileReference; lastKnownFileType = sourcecode.swift; path = LogView.swift; sourceTree = "<group>"; };
		AA000006302316AF001EA23E /* SettingsView.swift */ = {isa = PBXFileReference; lastKnownFileType = sourcecode.swift; path = SettingsView.swift; sourceTree = "<group>"; };
		AA000007302316AF001EA23E /* TsundokuApp.swift */ = {isa = PBXFileReference; lastKnownFileType = sourcecode.swift; path = TsundokuApp.swift; sourceTree = "<group>"; };
		AA000008302316AF001EA23E /* Assets.xcassets */ = {isa = PBXFileReference; lastKnownFileType = folder.assetcatalog; path = Assets.xcassets; sourceTree = "<group>"; };
		AA000009302316AF001EA23E /* OnboardingView.swift */ = {isa = PBXFileReference; lastKnownFileType = sourcecode.swift; path = OnboardingView.swift; sourceTree = "<group>"; };
		AA00000A302316AF001EA23E /* SignupView.swift */ = {isa = PBXFileReference; lastKnownFileType = sourcecode.swift; path = SignupView.swift; sourceTree = "<group>"; };
		AA00000B302316AF001EA23E /* AppDesign.swift */ = {isa = PBXFileReference; lastKnownFileType = sourcecode.swift; path = AppDesign.swift; sourceTree = "<group>"; };
		AB000001302316AF001EA23E /* HomeViewEN.swift */ = {isa = PBXFileReference; lastKnownFileType = sourcecode.swift; path = HomeViewEN.swift; sourceTree = "<group>"; };
		AB000002302316AF001EA23E /* StockViewEN.swift */ = {isa = PBXFileReference; lastKnownFileType = sourcecode.swift; path = StockViewEN.swift; sourceTree = "<group>"; };
		AB000003302316AF001EA23E /* PlayerViewEN.swift */ = {isa = PBXFileReference; lastKnownFileType = sourcecode.swift; path = PlayerViewEN.swift; sourceTree = "<group>"; };
		AB000004302316AF001EA23E /* LogViewEN.swift */ = {isa = PBXFileReference; lastKnownFileType = sourcecode.swift; path = LogViewEN.swift; sourceTree = "<group>"; };
		AB000005302316AF001EA23E /* SettingsViewEN.swift */ = {isa = PBXFileReference; lastKnownFileType = sourcecode.swift; path = SettingsViewEN.swift; sourceTree = "<group>"; };
		AB000006302316AF001EA23E /* OnboardingViewEN.swift */ = {isa = PBXFileReference; lastKnownFileType = sourcecode.swift; path = OnboardingViewEN.swift; sourceTree = "<group>"; };
		AB000007302316AF001EA23E /* SignupViewEN.swift */ = {isa = PBXFileReference; lastKnownFileType = sourcecode.swift; path = SignupViewEN.swift; sourceTree = "<group>"; };
		AC000001302316AF001EA23E /* ArticleLibrary.swift */ = {isa = PBXFileReference; lastKnownFileType = sourcecode.swift; path = ArticleLibrary.swift; sourceTree = "<group>"; };
		AC000002302316AF001EA23E /* Tsundoku.entitlements */ = {isa = PBXFileReference; lastKnownFileType = text.plist.entitlements; path = Tsundoku.entitlements; sourceTree = "<group>"; };
		AC000003302316AF001EA23E /* ShareExtension.appex */ = {isa = PBXFileReference; explicitFileType = "wrapper.app-extension"; includeInIndex = 0; path = ShareExtension.appex; sourceTree = BUILT_PRODUCTS_DIR; };
		AC000004302316AF001EA23E /* ShareViewController.swift */ = {isa = PBXFileReference; lastKnownFileType = sourcecode.swift; path = ShareViewController.swift; sourceTree = "<group>"; };
		AC000005302316AF001EA23E /* Info.plist */ = {isa = PBXFileReference; lastKnownFileType = text.plist.xml; path = Info.plist; sourceTree = "<group>"; };
		AC000006302316AF001EA23E /* ShareExtension.entitlements */ = {isa = PBXFileReference; lastKnownFileType = text.plist.entitlements; path = ShareExtension.entitlements; sourceTree = "<group>"; };
		AD000001302316AF001EA23E /* AuthService.swift */ = {isa = PBXFileReference; lastKnownFileType = sourcecode.swift; path = AuthService.swift; sourceTree = "<group>"; };
		AE000001302316AF001EA23E /* Config.swift */ = {isa = PBXFileReference; lastKnownFileType = sourcecode.swift; path = Config.swift; sourceTree = "<group>"; };
		AF000001302316AF001EA23E /* Info.plist */ = {isa = PBXFileReference; lastKnownFileType = text.plist.xml; path = Info.plist; sourceTree = "<group>"; };
		B1000000302316AF001EA23E /* SubscriptionManagementView.swift */ = {isa = PBXFileReference; lastKnownFileType = sourcecode.swift; path = SubscriptionManagementView.swift; sourceTree = "<group>"; };
		B2000000302316AF001EA23E /* ErrorView.swift */ = {isa = PBXFileReference; lastKnownFileType = sourcecode.swift; path = ErrorView.swift; sourceTree = "<group>"; };
		B2000004302316AF001EA23E /* RequestReview.swift */ = {isa = PBXFileReference; lastKnownFileType = sourcecode.swift; path = RequestReview.swift; sourceTree = "<group>"; };
		B3000004302316AF001EA23E /* AuthenticationModeTabs.swift */ = {isa = PBXFileReference; lastKnownFileType = sourcecode.swift; path = AuthenticationModeTabs.swift; sourceTree = "<group>"; };
		B4000004302316AF001EA23E /* CastPlaybackStore.swift */ = {isa = PBXFileReference; lastKnownFileType = sourcecode.swift; path = CastPlaybackStore.swift; sourceTree = "<group>"; };
		B5000004302316AF001EA23E /* AIDataUseView.swift */ = {isa = PBXFileReference; lastKnownFileType = sourcecode.swift; path = AIDataUseView.swift; sourceTree = "<group>"; };
		B5000005302316AF001EA23E /* NetworkStatus.swift */ = {isa = PBXFileReference; lastKnownFileType = sourcecode.swift; path = NetworkStatus.swift; sourceTree = "<group>"; };
		B6000000302316AF001EA23E /* SupportView.swift */ = {isa = PBXFileReference; lastKnownFileType = sourcecode.swift; path = SupportView.swift; sourceTree = "<group>"; };
		C1000000302316AF001EA23E /* LoginView.swift */ = {isa = PBXFileReference; lastKnownFileType = sourcecode.swift; path = LoginView.swift; sourceTree = "<group>"; };
/* End PBXFileReference section */

/* Begin PBXFileSystemSynchronizedRootGroup section */
		2A0A7B82302316B1001EA23E /* TsundokuTests */ = {
			isa = PBXFileSystemSynchronizedRootGroup;
			path = TsundokuTests;
			sourceTree = "<group>";
		};
		2A0A7B8C302316B1001EA23E /* TsundokuUITests */ = {
			isa = PBXFileSystemSynchronizedRootGroup;
			path = TsundokuUITests;
			sourceTree = "<group>";
		};
/* End PBXFileSystemSynchronizedRootGroup section */

/* Begin PBXFrameworksBuildPhase section */
		2A0A7B6F302316AF001EA23E /* Frameworks */ = {
			isa = PBXFrameworksBuildPhase;
			buildActionMask = 2147483647;
			files = (
				2A0A7C043024C307001EA23E /* RevenueCat in Frameworks */,
				AF000011302316AF001EA23E /* GoogleSignIn in Frameworks */,
				2A0A7C063024C307001EA23E /* RevenueCatUI in Frameworks */,
			);
			runOnlyForDeploymentPostprocessing = 0;
		};
		2A0A7B7C302316B1001EA23E /* Frameworks */ = {
			isa = PBXFrameworksBuildPhase;
			buildActionMask = 2147483647;
			files = (
			);
			runOnlyForDeploymentPostprocessing = 0;
		};
		2A0A7B86302316B1001EA23E /* Frameworks */ = {
			isa = PBXFrameworksBuildPhase;
			buildActionMask = 2147483647;
			files = (
			);
			runOnlyForDeploymentPostprocessing = 0;
		};
		AC000041302316AF001EA23E /* Frameworks */ = {
			isa = PBXFrameworksBuildPhase;
			buildActionMask = 2147483647;
			files = (
			);
			runOnlyForDeploymentPostprocessing = 0;
		};
/* End PBXFrameworksBuildPhase section */

/* Begin PBXGroup section */
		2A0A7B69302316AF001EA23E = {
			isa = PBXGroup;
			children = (
				2A0A7B74302316AF001EA23E /* Tsundoku */,
				AC000030302316AF001EA23E /* ShareExtension */,
				2A0A7B82302316B1001EA23E /* TsundokuTests */,
				2A0A7B8C302316B1001EA23E /* TsundokuUITests */,
				2A0A7B73302316AF001EA23E /* Products */,
			);
			sourceTree = "<group>";
		};
		2A0A7B73302316AF001EA23E /* Products */ = {
			isa = PBXGroup;
			children = (
				2A0A7B72302316AF001EA23E /* Tsundoku.app */,
				2A0A7B7F302316B1001EA23E /* TsundokuTests.xctest */,
				2A0A7B89302316B1001EA23E /* TsundokuUITests.xctest */,
				AC000003302316AF001EA23E /* ShareExtension.appex */,
			);
			name = Products;
			sourceTree = "<group>";
		};
		2A0A7B74302316AF001EA23E /* Tsundoku */ = {
			isa = PBXGroup;
			children = (
				AB000021302316AF001EA23E /* en */,
				AF000001302316AF001EA23E /* Info.plist */,
				AC000001302316AF001EA23E /* ArticleLibrary.swift */,
				AA00000B302316AF001EA23E /* AppDesign.swift */,
				AD000001302316AF001EA23E /* AuthService.swift */,
				AE000001302316AF001EA23E /* Config.swift */,
				AA000008302316AF001EA23E /* Assets.xcassets */,
				AA000001302316AF001EA23E /* ContentView.swift */,
				AA000002302316AF001EA23E /* HomeView.swift */,
				AA000005302316AF001EA23E /* LogView.swift */,
				AA000009302316AF001EA23E /* OnboardingView.swift */,
				AA000004302316AF001EA23E /* PlayerView.swift */,
				AA000006302316AF001EA23E /* SettingsView.swift */,
				B1000000302316AF001EA23E /* SubscriptionManagementView.swift */,
				B2000000302316AF001EA23E /* ErrorView.swift */,
				B2000004302316AF001EA23E /* RequestReview.swift */,
				B3000004302316AF001EA23E /* AuthenticationModeTabs.swift */,
				B4000004302316AF001EA23E /* CastPlaybackStore.swift */,
				B5000004302316AF001EA23E /* AIDataUseView.swift */,
				B5000005302316AF001EA23E /* NetworkStatus.swift */,
				B6000000302316AF001EA23E /* SupportView.swift */,
				AA00000A302316AF001EA23E /* SignupView.swift */,
				C1000000302316AF001EA23E /* LoginView.swift */,
				AA000003302316AF001EA23E /* StockView.swift */,
				AA000007302316AF001EA23E /* TsundokuApp.swift */,
				AC000002302316AF001EA23E /* Tsundoku.entitlements */,
			);
			path = Tsundoku;
			sourceTree = "<group>";
		};
		AB000021302316AF001EA23E /* en */ = {
			isa = PBXGroup;
			children = (
				AB000001302316AF001EA23E /* HomeViewEN.swift */,
				AB000004302316AF001EA23E /* LogViewEN.swift */,
				AB000006302316AF001EA23E /* OnboardingViewEN.swift */,
				AB000003302316AF001EA23E /* PlayerViewEN.swift */,
				AB000005302316AF001EA23E /* SettingsViewEN.swift */,
				AB000007302316AF001EA23E /* SignupViewEN.swift */,
				AB000002302316AF001EA23E /* StockViewEN.swift */,
			);
			path = en;
			sourceTree = "<group>";
		};
		AC000030302316AF001EA23E /* ShareExtension */ = {
			isa = PBXGroup;
			children = (
				AC000005302316AF001EA23E /* Info.plist */,
				AC000006302316AF001EA23E /* ShareExtension.entitlements */,
				AC000004302316AF001EA23E /* ShareViewController.swift */,
			);
			path = ShareExtension;
			sourceTree = "<group>";
		};
/* End PBXGroup section */

/* Begin PBXNativeTarget section */
		2A0A7B71302316AF001EA23E /* Tsundoku */ = {
			isa = PBXNativeTarget;
			buildConfigurationList = 2A0A7B93302316B1001EA23E /* Build configuration list for PBXNativeTarget "Tsundoku" */;
			buildPhases = (
				2A0A7B6E302316AF001EA23E /* Sources */,
				2A0A7B6F302316AF001EA23E /* Frameworks */,
				2A0A7B70302316AF001EA23E /* Resources */,
				AC000043302316AF001EA23E /* Embed App Extensions */,
			);
			buildRules = (
			);
			dependencies = (
				AC000051302316AF001EA23E /* PBXTargetDependency */,
			);
			name = Tsundoku;
			packageProductDependencies = (
				AF000021302316AF001EA23E /* GoogleSignIn */,
				2A0A7C033024C307001EA23E /* RevenueCat */,
				2A0A7C053024C307001EA23E /* RevenueCatUI */,
			);
			productName = Tsundoku;
			productReference = 2A0A7B72302316AF001EA23E /* Tsundoku.app */;
			productType = "com.apple.product-type.application";
		};
		2A0A7B7E302316B1001EA23E /* TsundokuTests */ = {
			isa = PBXNativeTarget;
			buildConfigurationList = 2A0A7B96302316B1001EA23E /* Build configuration list for PBXNativeTarget "TsundokuTests" */;
			buildPhases = (
				2A0A7B7B302316B1001EA23E /* Sources */,
				2A0A7B7C302316B1001EA23E /* Frameworks */,
				2A0A7B7D302316B1001EA23E /* Resources */,
			);
			buildRules = (
			);
			dependencies = (
				2A0A7B81302316B1001EA23E /* PBXTargetDependency */,
			);
			fileSystemSynchronizedGroups = (
				2A0A7B82302316B1001EA23E /* TsundokuTests */,
			);
			name = TsundokuTests;
			packageProductDependencies = (
			);
			productName = TsundokuTests;
			productReference = 2A0A7B7F302316B1001EA23E /* TsundokuTests.xctest */;
			productType = "com.apple.product-type.bundle.unit-test";
		};
		2A0A7B88302316B1001EA23E /* TsundokuUITests */ = {
			isa = PBXNativeTarget;
			buildConfigurationList = 2A0A7B99302316B1001EA23E /* Build configuration list for PBXNativeTarget "TsundokuUITests" */;
			buildPhases = (
				2A0A7B85302316B1001EA23E /* Sources */,
				2A0A7B86302316B1001EA23E /* Frameworks */,
				2A0A7B87302316B1001EA23E /* Resources */,
			);
			buildRules = (
			);
			dependencies = (
				2A0A7B8B302316B1001EA23E /* PBXTargetDependency */,
			);
			fileSystemSynchronizedGroups = (
				2A0A7B8C302316B1001EA23E /* TsundokuUITests */,
			);
			name = TsundokuUITests;
			packageProductDependencies = (
			);
			productName = TsundokuUITests;
			productReference = 2A0A7B89302316B1001EA23E /* TsundokuUITests.xctest */;
			productType = "com.apple.product-type.bundle.ui-testing";
		};
		AC000050302316AF001EA23E /* ShareExtension */ = {
			isa = PBXNativeTarget;
			buildConfigurationList = AC000062302316AF001EA23E /* Build configuration list for PBXNativeTarget "ShareExtension" */;
			buildPhases = (
				AC000040302316AF001EA23E /* Sources */,
				AC000041302316AF001EA23E /* Frameworks */,
				AC000042302316AF001EA23E /* Resources */,
			);
			buildRules = (
			);
			dependencies = (
			);
			name = ShareExtension;
			packageProductDependencies = (
			);
			productName = ShareExtension;
			productReference = AC000003302316AF001EA23E /* ShareExtension.appex */;
			productType = "com.apple.product-type.app-extension";
		};
/* End PBXNativeTarget section */

/* Begin PBXProject section */
		2A0A7B6A302316AF001EA23E /* Project object */ = {
			isa = PBXProject;
			attributes = {
				BuildIndependentTargetsInParallel = 1;
				LastSwiftUpdateCheck = 2660;
				LastUpgradeCheck = 2660;
				TargetAttributes = {
					2A0A7B71302316AF001EA23E = {
						CreatedOnToolsVersion = 26.6;
					};
					2A0A7B7E302316B1001EA23E = {
						CreatedOnToolsVersion = 26.6;
						TestTargetID = 2A0A7B71302316AF001EA23E;
					};
					2A0A7B88302316B1001EA23E = {
						CreatedOnToolsVersion = 26.6;
						TestTargetID = 2A0A7B71302316AF001EA23E;
					};
					AC000050302316AF001EA23E = {
						CreatedOnToolsVersion = 26.6;
					};
				};
			};
			buildConfigurationList = 2A0A7B6D302316AF001EA23E /* Build configuration list for PBXProject "Tsundoku" */;
			developmentRegion = en;
			hasScannedForEncodings = 0;
			knownRegions = (
				en,
				Base,
			);
			mainGroup = 2A0A7B69302316AF001EA23E;
			minimizedProjectReferenceProxies = 1;
			packageReferences = (
				AF000020302316AF001EA23E /* XCRemoteSwiftPackageReference "GoogleSignIn-iOS" */,
				2A0A7C023024C307001EA23E /* XCRemoteSwiftPackageReference "purchases-ios-spm" */,
			);
			preferredProjectObjectVersion = 77;
			productRefGroup = 2A0A7B73302316AF001EA23E /* Products */;
			projectDirPath = "";
			projectRoot = "";
			targets = (
				2A0A7B71302316AF001EA23E /* Tsundoku */,
				2A0A7B7E302316B1001EA23E /* TsundokuTests */,
				2A0A7B88302316B1001EA23E /* TsundokuUITests */,
				AC000050302316AF001EA23E /* ShareExtension */,
			);
		};
/* End PBXProject section */

/* Begin PBXResourcesBuildPhase section */
		2A0A7B70302316AF001EA23E /* Resources */ = {
			isa = PBXResourcesBuildPhase;
			buildActionMask = 2147483647;
			files = (
				AA000018302316AF001EA23E /* Assets.xcassets in Resources */,
			);
			runOnlyForDeploymentPostprocessing = 0;
		};
		2A0A7B7D302316B1001EA23E /* Resources */ = {
			isa = PBXResourcesBuildPhase;
			buildActionMask = 2147483647;
			files = (
			);
			runOnlyForDeploymentPostprocessing = 0;
		};
		2A0A7B87302316B1001EA23E /* Resources */ = {
			isa = PBXResourcesBuildPhase;
			buildActionMask = 2147483647;
			files = (
			);
			runOnlyForDeploymentPostprocessing = 0;
		};
		AC000042302316AF001EA23E /* Resources */ = {
			isa = PBXResourcesBuildPhase;
			buildActionMask = 2147483647;
			files = (
			);
			runOnlyForDeploymentPostprocessing = 0;
		};
/* End PBXResourcesBuildPhase section */

/* Begin PBXSourcesBuildPhase section */
		2A0A7B6E302316AF001EA23E /* Sources */ = {
			isa = PBXSourcesBuildPhase;
			buildActionMask = 2147483647;
			files = (
				AC000011302316AF001EA23E /* ArticleLibrary.swift in Sources */,
				AD000011302316AF001EA23E /* AuthService.swift in Sources */,
				AE000011302316AF001EA23E /* Config.swift in Sources */,
				AA000017302316AF001EA23E /* TsundokuApp.swift in Sources */,
				AA000011302316AF001EA23E /* ContentView.swift in Sources */,
				AA000012302316AF001EA23E /* HomeView.swift in Sources */,
				AA000013302316AF001EA23E /* StockView.swift in Sources */,
				AA000014302316AF001EA23E /* PlayerView.swift in Sources */,
				AA000015302316AF001EA23E /* LogView.swift in Sources */,
				AA000016302316AF001EA23E /* SettingsView.swift in Sources */,
				B1000001302316AF001EA23E /* SubscriptionManagementView.swift in Sources */,
				B2000001302316AF001EA23E /* ErrorView.swift in Sources */,
				B2000002302316AF001EA23E /* RequestReview.swift in Sources */,
				B3000001302316AF001EA23E /* AuthenticationModeTabs.swift in Sources */,
				B4000001302316AF001EA23E /* CastPlaybackStore.swift in Sources */,
				B5000001302316AF001EA23E /* AIDataUseView.swift in Sources */,
				B5000002302316AF001EA23E /* NetworkStatus.swift in Sources */,
				B6000001302316AF001EA23E /* SupportView.swift in Sources */,
				AA000019302316AF001EA23E /* OnboardingView.swift in Sources */,
				AA00001A302316AF001EA23E /* SignupView.swift in Sources */,
				C1000001302316AF001EA23E /* LoginView.swift in Sources */,
				AA00001B302316AF001EA23E /* AppDesign.swift in Sources */,
				AB000011302316AF001EA23E /* HomeViewEN.swift in Sources */,
				AB000012302316AF001EA23E /* StockViewEN.swift in Sources */,
				AB000013302316AF001EA23E /* PlayerViewEN.swift in Sources */,
				AB000014302316AF001EA23E /* LogViewEN.swift in Sources */,
				AB000015302316AF001EA23E /* SettingsViewEN.swift in Sources */,
				AB000016302316AF001EA23E /* OnboardingViewEN.swift in Sources */,
				AB000017302316AF001EA23E /* SignupViewEN.swift in Sources */,
			);
			runOnlyForDeploymentPostprocessing = 0;
		};
		2A0A7B7B302316B1001EA23E /* Sources */ = {
			isa = PBXSourcesBuildPhase;
			buildActionMask = 2147483647;
			files = (
			);
			runOnlyForDeploymentPostprocessing = 0;
		};
		2A0A7B85302316B1001EA23E /* Sources */ = {
			isa = PBXSourcesBuildPhase;
			buildActionMask = 2147483647;
			files = (
			);
			runOnlyForDeploymentPostprocessing = 0;
		};
		AC000040302316AF001EA23E /* Sources */ = {
			isa = PBXSourcesBuildPhase;
			buildActionMask = 2147483647;
			files = (
				AC000012302316AF001EA23E /* ArticleLibrary.swift in Sources */,
				AC000013302316AF001EA23E /* ShareViewController.swift in Sources */,
				AE000012302316AF001EA23E /* Config.swift in Sources */,
			);
			runOnlyForDeploymentPostprocessing = 0;
		};
/* End PBXSourcesBuildPhase section */

/* Begin PBXTargetDependency section */
		2A0A7B81302316B1001EA23E /* PBXTargetDependency */ = {
			isa = PBXTargetDependency;
			target = 2A0A7B71302316AF001EA23E /* Tsundoku */;
			targetProxy = 2A0A7B80302316B1001EA23E /* PBXContainerItemProxy */;
		};
		2A0A7B8B302316B1001EA23E /* PBXTargetDependency */ = {
			isa = PBXTargetDependency;
			target = 2A0A7B71302316AF001EA23E /* Tsundoku */;
			targetProxy = 2A0A7B8A302316B1001EA23E /* PBXContainerItemProxy */;
		};
		AC000051302316AF001EA23E /* PBXTargetDependency */ = {
			isa = PBXTargetDependency;
			target = AC000050302316AF001EA23E /* ShareExtension */;
			targetProxy = AC000020302316AF001EA23E /* PBXContainerItemProxy */;
		};
/* End PBXTargetDependency section */

/* Begin XCBuildConfiguration section */
		2A0A7B91302316B1001EA23E /* Debug */ = {
			isa = XCBuildConfiguration;
			buildSettings = {
				ALWAYS_SEARCH_USER_PATHS = NO;
				ASSETCATALOG_COMPILER_GENERATE_SWIFT_ASSET_SYMBOL_EXTENSIONS = YES;
				CLANG_ANALYZER_NONNULL = YES;
				CLANG_ANALYZER_NUMBER_OBJECT_CONVERSION = YES_AGGRESSIVE;
				CLANG_CXX_LANGUAGE_STANDARD = "gnu++20";
				CLANG_ENABLE_MODULES = YES;
				CLANG_ENABLE_OBJC_ARC = YES;
				CLANG_ENABLE_OBJC_WEAK = YES;
				CLANG_WARN_BLOCK_CAPTURE_AUTORELEASING = YES;
				CLANG_WARN_BOOL_CONVERSION = YES;
				CLANG_WARN_COMMA = YES;
				CLANG_WARN_CONSTANT_CONVERSION = YES;
				CLANG_WARN_DEPRECATED_OBJC_IMPLEMENTATIONS = YES;
				CLANG_WARN_DIRECT_OBJC_ISA_USAGE = YES_ERROR;
				CLANG_WARN_DOCUMENTATION_COMMENTS = YES;
				CLANG_WARN_EMPTY_BODY = YES;
				CLANG_WARN_ENUM_CONVERSION = YES;
				CLANG_WARN_INFINITE_RECURSION = YES;
				CLANG_WARN_INT_CONVERSION = YES;
				CLANG_WARN_NON_LITERAL_NULL_CONVERSION = YES;
				CLANG_WARN_OBJC_IMPLICIT_RETAIN_SELF = YES;
				CLANG_WARN_OBJC_LITERAL_CONVERSION = YES;
				CLANG_WARN_OBJC_ROOT_CLASS = YES_ERROR;
				CLANG_WARN_QUOTED_INCLUDE_IN_FRAMEWORK_HEADER = YES;
				CLANG_WARN_RANGE_LOOP_ANALYSIS = YES;
				CLANG_WARN_STRICT_PROTOTYPES = YES;
				CLANG_WARN_SUSPICIOUS_MOVE = YES;
				CLANG_WARN_UNGUARDED_AVAILABILITY = YES_AGGRESSIVE;
				CLANG_WARN_UNREACHABLE_CODE = YES;
				CLANG_WARN__DUPLICATE_METHOD_MATCH = YES;
				COPY_PHASE_STRIP = NO;
				DEBUG_INFORMATION_FORMAT = dwarf;
				DEVELOPMENT_TEAM = 5TXL5P4663;
				ENABLE_STRICT_OBJC_MSGSEND = YES;
				ENABLE_TESTABILITY = YES;
				ENABLE_USER_SCRIPT_SANDBOXING = YES;
				GCC_C_LANGUAGE_STANDARD = gnu17;
				GCC_DYNAMIC_NO_PIC = NO;
				GCC_NO_COMMON_BLOCKS = YES;
				GCC_OPTIMIZATION_LEVEL = 0;
				GCC_PREPROCESSOR_DEFINITIONS = (
					"DEBUG=1",
					"$(inherited)",
				);
				GCC_WARN_64_TO_32_BIT_CONVERSION = YES;
				GCC_WARN_ABOUT_RETURN_TYPE = YES_ERROR;
				GCC_WARN_UNDECLARED_SELECTOR = YES;
				GCC_WARN_UNINITIALIZED_AUTOS = YES_AGGRESSIVE;
				GCC_WARN_UNUSED_FUNCTION = YES;
				GCC_WARN_UNUSED_VARIABLE = YES;
				IPHONEOS_DEPLOYMENT_TARGET = 26.5;
				LOCALIZATION_PREFERS_STRING_CATALOGS = YES;
				MTL_ENABLE_DEBUG_INFO = INCLUDE_SOURCE;
				MTL_FAST_MATH = YES;
				ONLY_ACTIVE_ARCH = YES;
				SDKROOT = iphoneos;
				SWIFT_ACTIVE_COMPILATION_CONDITIONS = "DEBUG $(inherited)";
				SWIFT_OPTIMIZATION_LEVEL = "-Onone";
			};
			name = Debug;
		};
		2A0A7B92302316B1001EA23E /* Release */ = {
			isa = XCBuildConfiguration;
			buildSettings = {
				ALWAYS_SEARCH_USER_PATHS = NO;
				ASSETCATALOG_COMPILER_GENERATE_SWIFT_ASSET_SYMBOL_EXTENSIONS = YES;
				CLANG_ANALYZER_NONNULL = YES;
				CLANG_ANALYZER_NUMBER_OBJECT_CONVERSION = YES_AGGRESSIVE;
				CLANG_CXX_LANGUAGE_STANDARD = "gnu++20";
				CLANG_ENABLE_MODULES = YES;
				CLANG_ENABLE_OBJC_ARC = YES;
				CLANG_ENABLE_OBJC_WEAK = YES;
				CLANG_WARN_BLOCK_CAPTURE_AUTORELEASING = YES;
				CLANG_WARN_BOOL_CONVERSION = YES;
				CLANG_WARN_COMMA = YES;
				CLANG_WARN_CONSTANT_CONVERSION = YES;
				CLANG_WARN_DEPRECATED_OBJC_IMPLEMENTATIONS = YES;
				CLANG_WARN_DIRECT_OBJC_ISA_USAGE = YES_ERROR;
				CLANG_WARN_DOCUMENTATION_COMMENTS = YES;
				CLANG_WARN_EMPTY_BODY = YES;
				CLANG_WARN_ENUM_CONVERSION = YES;
				CLANG_WARN_INFINITE_RECURSION = YES;
				CLANG_WARN_INT_CONVERSION = YES;
				CLANG_WARN_NON_LITERAL_NULL_CONVERSION = YES;
				CLANG_WARN_OBJC_IMPLICIT_RETAIN_SELF = YES;
				CLANG_WARN_OBJC_LITERAL_CONVERSION = YES;
				CLANG_WARN_OBJC_ROOT_CLASS = YES_ERROR;
				CLANG_WARN_QUOTED_INCLUDE_IN_FRAMEWORK_HEADER = YES;
				CLANG_WARN_RANGE_LOOP_ANALYSIS = YES;
				CLANG_WARN_STRICT_PROTOTYPES = YES;
				CLANG_WARN_SUSPICIOUS_MOVE = YES;
				CLANG_WARN_UNGUARDED_AVAILABILITY = YES_AGGRESSIVE;
				CLANG_WARN_UNREACHABLE_CODE = YES;
				CLANG_WARN__DUPLICATE_METHOD_MATCH = YES;
				COPY_PHASE_STRIP = NO;
				DEBUG_INFORMATION_FORMAT = "dwarf-with-dsym";
				DEVELOPMENT_TEAM = 5TXL5P4663;
				ENABLE_NS_ASSERTIONS = NO;
				ENABLE_STRICT_OBJC_MSGSEND = YES;
				ENABLE_USER_SCRIPT_SANDBOXING = YES;
				GCC_C_LANGUAGE_STANDARD = gnu17;
				GCC_NO_COMMON_BLOCKS = YES;
				GCC_WARN_64_TO_32_BIT_CONVERSION = YES;
				GCC_WARN_ABOUT_RETURN_TYPE = YES_ERROR;
				GCC_WARN_UNDECLARED_SELECTOR = YES;
				GCC_WARN_UNINITIALIZED_AUTOS = YES_AGGRESSIVE;
				GCC_WARN_UNUSED_FUNCTION = YES;
				GCC_WARN_UNUSED_VARIABLE = YES;
				IPHONEOS_DEPLOYMENT_TARGET = 26.5;
				LOCALIZATION_PREFERS_STRING_CATALOGS = YES;
				MTL_ENABLE_DEBUG_INFO = NO;
				MTL_FAST_MATH = YES;
				SDKROOT = iphoneos;
				SWIFT_COMPILATION_MODE = wholemodule;
				VALIDATE_PRODUCT = YES;
			};
			name = Release;
		};
		2A0A7B94302316B1001EA23E /* Debug */ = {
			isa = XCBuildConfiguration;
			buildSettings = {
				ASSETCATALOG_COMPILER_APPICON_NAME = AppIcon;
				ASSETCATALOG_COMPILER_GLOBAL_ACCENT_COLOR_NAME = AccentColor;
				CODE_SIGN_ENTITLEMENTS = Tsundoku/Tsundoku.entitlements;
				CODE_SIGN_STYLE = Automatic;
				CURRENT_PROJECT_VERSION = 1;
				DEVELOPMENT_TEAM = 5TXL5P4663;
				ENABLE_PREVIEWS = YES;
				GENERATE_INFOPLIST_FILE = NO;
				INFOPLIST_FILE = Tsundoku/Info.plist;
				INFOPLIST_KEY_CFBundleDisplayName = StackCast;
				INFOPLIST_KEY_LSApplicationCategoryType = "public.app-category.productivity";
				INFOPLIST_KEY_NSAppTransportSecurity_NSAllowsLocalNetworking = YES;
				INFOPLIST_KEY_UIApplicationSceneManifest_Generation = YES;
				INFOPLIST_KEY_UIApplicationSupportsIndirectInputEvents = YES;
				INFOPLIST_KEY_UILaunchScreen_Generation = YES;
				INFOPLIST_KEY_UISupportedInterfaceOrientations_iPad = "UIInterfaceOrientationPortrait UIInterfaceOrientationPortraitUpsideDown UIInterfaceOrientationLandscapeLeft UIInterfaceOrientationLandscapeRight";
				INFOPLIST_KEY_UISupportedInterfaceOrientations_iPhone = "UIInterfaceOrientationPortrait UIInterfaceOrientationLandscapeLeft UIInterfaceOrientationLandscapeRight";
				LD_RUNPATH_SEARCH_PATHS = (
					"$(inherited)",
					"@executable_path/Frameworks",
				);
				MARKETING_VERSION = 1.0.0;
				PRODUCT_BUNDLE_IDENTIFIER = com.nexro.Tsundoku;
				PRODUCT_NAME = "$(TARGET_NAME)";
				STRING_CATALOG_GENERATE_SYMBOLS = YES;
				SUPPORTED_PLATFORMS = "iphoneos iphonesimulator";
				SUPPORTS_MACCATALYST = NO;
				SUPPORTS_MAC_DESIGNED_FOR_IPHONE_IPAD = NO;
				SWIFT_APPROACHABLE_CONCURRENCY = YES;
				SWIFT_DEFAULT_ACTOR_ISOLATION = MainActor;
				SWIFT_EMIT_LOC_STRINGS = YES;
				SWIFT_UPCOMING_FEATURE_MEMBER_IMPORT_VISIBILITY = YES;
				SWIFT_VERSION = 5.0;
				TARGETED_DEVICE_FAMILY = 1;
			};
			name = Debug;
		};
		2A0A7B95302316B1001EA23E /* Release */ = {
			isa = XCBuildConfiguration;
			buildSettings = {
				ASSETCATALOG_COMPILER_APPICON_NAME = AppIcon;
				ASSETCATALOG_COMPILER_GLOBAL_ACCENT_COLOR_NAME = AccentColor;
				CODE_SIGN_ENTITLEMENTS = Tsundoku/Tsundoku.entitlements;
				CODE_SIGN_STYLE = Automatic;
				CURRENT_PROJECT_VERSION = 1;
				DEVELOPMENT_TEAM = 5TXL5P4663;
				ENABLE_PREVIEWS = YES;
				GENERATE_INFOPLIST_FILE = NO;
				INFOPLIST_FILE = Tsundoku/Info.plist;
				INFOPLIST_KEY_CFBundleDisplayName = StackCast;
				INFOPLIST_KEY_LSApplicationCategoryType = "public.app-category.productivity";
				INFOPLIST_KEY_UIApplicationSceneManifest_Generation = YES;
				INFOPLIST_KEY_UIApplicationSupportsIndirectInputEvents = YES;
				INFOPLIST_KEY_UILaunchScreen_Generation = YES;
				INFOPLIST_KEY_UISupportedInterfaceOrientations_iPad = "UIInterfaceOrientationPortrait UIInterfaceOrientationPortraitUpsideDown UIInterfaceOrientationLandscapeLeft UIInterfaceOrientationLandscapeRight";
				INFOPLIST_KEY_UISupportedInterfaceOrientations_iPhone = "UIInterfaceOrientationPortrait UIInterfaceOrientationLandscapeLeft UIInterfaceOrientationLandscapeRight";
				LD_RUNPATH_SEARCH_PATHS = (
					"$(inherited)",
					"@executable_path/Frameworks",
				);
				MARKETING_VERSION = 1.0.0;
				PRODUCT_BUNDLE_IDENTIFIER = com.nexro.Tsundoku;
				PRODUCT_NAME = "$(TARGET_NAME)";
				STRING_CATALOG_GENERATE_SYMBOLS = YES;
				SUPPORTED_PLATFORMS = "iphoneos iphonesimulator";
				SUPPORTS_MACCATALYST = NO;
				SUPPORTS_MAC_DESIGNED_FOR_IPHONE_IPAD = NO;
				SWIFT_APPROACHABLE_CONCURRENCY = YES;
				SWIFT_DEFAULT_ACTOR_ISOLATION = MainActor;
				SWIFT_EMIT_LOC_STRINGS = YES;
				SWIFT_UPCOMING_FEATURE_MEMBER_IMPORT_VISIBILITY = YES;
				SWIFT_VERSION = 5.0;
				TARGETED_DEVICE_FAMILY = 1;
			};
			name = Release;
		};
		2A0A7B97302316B1001EA23E /* Debug */ = {
			isa = XCBuildConfiguration;
			buildSettings = {
				BUNDLE_LOADER = "$(TEST_HOST)";
				CODE_SIGN_STYLE = Automatic;
				CURRENT_PROJECT_VERSION = 1;
				DEVELOPMENT_TEAM = 5TXL5P4663;
				GENERATE_INFOPLIST_FILE = YES;
				IPHONEOS_DEPLOYMENT_TARGET = 26.5;
				MARKETING_VERSION = 1.0.0;
				PRODUCT_BUNDLE_IDENTIFIER = com.nexro.TsundokuTests;
				PRODUCT_NAME = "$(TARGET_NAME)";
				STRING_CATALOG_GENERATE_SYMBOLS = NO;
				SWIFT_APPROACHABLE_CONCURRENCY = YES;
				SWIFT_EMIT_LOC_STRINGS = NO;
				SWIFT_UPCOMING_FEATURE_MEMBER_IMPORT_VISIBILITY = YES;
				SWIFT_VERSION = 5.0;
				TARGETED_DEVICE_FAMILY = "1,2";
				TEST_HOST = "$(BUILT_PRODUCTS_DIR)/Tsundoku.app/$(BUNDLE_EXECUTABLE_FOLDER_PATH)/Tsundoku";
			};
			name = Debug;
		};
		2A0A7B98302316B1001EA23E /* Release */ = {
			isa = XCBuildConfiguration;
			buildSettings = {
				BUNDLE_LOADER = "$(TEST_HOST)";
				CODE_SIGN_STYLE = Automatic;
				CURRENT_PROJECT_VERSION = 1;
				DEVELOPMENT_TEAM = 5TXL5P4663;
				GENERATE_INFOPLIST_FILE = YES;
				IPHONEOS_DEPLOYMENT_TARGET = 26.5;
				MARKETING_VERSION = 1.0.0;
				PRODUCT_BUNDLE_IDENTIFIER = com.nexro.TsundokuTests;
				PRODUCT_NAME = "$(TARGET_NAME)";
				STRING_CATALOG_GENERATE_SYMBOLS = NO;
				SWIFT_APPROACHABLE_CONCURRENCY = YES;
				SWIFT_EMIT_LOC_STRINGS = NO;
				SWIFT_UPCOMING_FEATURE_MEMBER_IMPORT_VISIBILITY = YES;
				SWIFT_VERSION = 5.0;
				TARGETED_DEVICE_FAMILY = "1,2";
				TEST_HOST = "$(BUILT_PRODUCTS_DIR)/Tsundoku.app/$(BUNDLE_EXECUTABLE_FOLDER_PATH)/Tsundoku";
			};
			name = Release;
		};
		2A0A7B9A302316B1001EA23E /* Debug */ = {
			isa = XCBuildConfiguration;
			buildSettings = {
				CODE_SIGN_STYLE = Automatic;
				CURRENT_PROJECT_VERSION = 1;
				DEVELOPMENT_TEAM = 5TXL5P4663;
				GENERATE_INFOPLIST_FILE = YES;
				MARKETING_VERSION = 1.0.0;
				PRODUCT_BUNDLE_IDENTIFIER = com.nexro.TsundokuUITests;
				PRODUCT_NAME = "$(TARGET_NAME)";
				STRING_CATALOG_GENERATE_SYMBOLS = NO;
				SWIFT_APPROACHABLE_CONCURRENCY = YES;
				SWIFT_EMIT_LOC_STRINGS = NO;
				SWIFT_UPCOMING_FEATURE_MEMBER_IMPORT_VISIBILITY = YES;
				SWIFT_VERSION = 5.0;
				TARGETED_DEVICE_FAMILY = "1,2";
				TEST_TARGET_NAME = Tsundoku;
			};
			name = Debug;
		};
		2A0A7B9B302316B1001EA23E /* Release */ = {
			isa = XCBuildConfiguration;
			buildSettings = {
				CODE_SIGN_STYLE = Automatic;
				CURRENT_PROJECT_VERSION = 1;
				DEVELOPMENT_TEAM = 5TXL5P4663;
				GENERATE_INFOPLIST_FILE = YES;
				MARKETING_VERSION = 1.0.0;
				PRODUCT_BUNDLE_IDENTIFIER = com.nexro.TsundokuUITests;
				PRODUCT_NAME = "$(TARGET_NAME)";
				STRING_CATALOG_GENERATE_SYMBOLS = NO;
				SWIFT_APPROACHABLE_CONCURRENCY = YES;
				SWIFT_EMIT_LOC_STRINGS = NO;
				SWIFT_UPCOMING_FEATURE_MEMBER_IMPORT_VISIBILITY = YES;
				SWIFT_VERSION = 5.0;
				TARGETED_DEVICE_FAMILY = "1,2";
				TEST_TARGET_NAME = Tsundoku;
			};
			name = Release;
		};
		AC000060302316AF001EA23E /* Debug */ = {
			isa = XCBuildConfiguration;
			buildSettings = {
				APPLICATION_EXTENSION_API_ONLY = YES;
				CODE_SIGN_ENTITLEMENTS = ShareExtension/ShareExtension.entitlements;
				CODE_SIGN_STYLE = Automatic;
				CURRENT_PROJECT_VERSION = 1;
				DEVELOPMENT_TEAM = 5TXL5P4663;
				GENERATE_INFOPLIST_FILE = NO;
				INFOPLIST_FILE = ShareExtension/Info.plist;
				IPHONEOS_DEPLOYMENT_TARGET = 26.5;
				LD_RUNPATH_SEARCH_PATHS = (
					"$(inherited)",
					"@executable_path/Frameworks",
					"@executable_path/../../Frameworks",
				);
				MARKETING_VERSION = 1.0.0;
				PRODUCT_BUNDLE_IDENTIFIER = com.nexro.Tsundoku.ShareExtension;
				PRODUCT_NAME = "$(TARGET_NAME)";
				SKIP_INSTALL = YES;
				SWIFT_APPROACHABLE_CONCURRENCY = YES;
				SWIFT_DEFAULT_ACTOR_ISOLATION = MainActor;
				SWIFT_EMIT_LOC_STRINGS = YES;
				SWIFT_UPCOMING_FEATURE_MEMBER_IMPORT_VISIBILITY = YES;
				SWIFT_VERSION = 5.0;
				TARGETED_DEVICE_FAMILY = "1,2";
			};
			name = Debug;
		};
		AC000061302316AF001EA23E /* Release */ = {
			isa = XCBuildConfiguration;
			buildSettings = {
				APPLICATION_EXTENSION_API_ONLY = YES;
				CODE_SIGN_ENTITLEMENTS = ShareExtension/ShareExtension.entitlements;
				CODE_SIGN_STYLE = Automatic;
				CURRENT_PROJECT_VERSION = 1;
				DEVELOPMENT_TEAM = 5TXL5P4663;
				GENERATE_INFOPLIST_FILE = NO;
				INFOPLIST_FILE = ShareExtension/Info.plist;
				IPHONEOS_DEPLOYMENT_TARGET = 26.5;
				LD_RUNPATH_SEARCH_PATHS = (
					"$(inherited)",
					"@executable_path/Frameworks",
					"@executable_path/../../Frameworks",
				);
				MARKETING_VERSION = 1.0.0;
				PRODUCT_BUNDLE_IDENTIFIER = com.nexro.Tsundoku.ShareExtension;
				PRODUCT_NAME = "$(TARGET_NAME)";
				SKIP_INSTALL = YES;
				SWIFT_APPROACHABLE_CONCURRENCY = YES;
				SWIFT_DEFAULT_ACTOR_ISOLATION = MainActor;
				SWIFT_EMIT_LOC_STRINGS = YES;
				SWIFT_UPCOMING_FEATURE_MEMBER_IMPORT_VISIBILITY = YES;
				SWIFT_VERSION = 5.0;
				TARGETED_DEVICE_FAMILY = "1,2";
			};
			name = Release;
		};
/* End XCBuildConfiguration section */

/* Begin XCConfigurationList section */
		2A0A7B6D302316AF001EA23E /* Build configuration list for PBXProject "Tsundoku" */ = {
			isa = XCConfigurationList;
			buildConfigurations = (
				2A0A7B91302316B1001EA23E /* Debug */,
				2A0A7B92302316B1001EA23E /* Release */,
			);
			defaultConfigurationIsVisible = 0;
			defaultConfigurationName = Release;
		};
		2A0A7B93302316B1001EA23E /* Build configuration list for PBXNativeTarget "Tsundoku" */ = {
			isa = XCConfigurationList;
			buildConfigurations = (
				2A0A7B94302316B1001EA23E /* Debug */,
				2A0A7B95302316B1001EA23E /* Release */,
			);
			defaultConfigurationIsVisible = 0;
			defaultConfigurationName = Release;
		};
		2A0A7B96302316B1001EA23E /* Build configuration list for PBXNativeTarget "TsundokuTests" */ = {
			isa = XCConfigurationList;
			buildConfigurations = (
				2A0A7B97302316B1001EA23E /* Debug */,
				2A0A7B98302316B1001EA23E /* Release */,
			);
			defaultConfigurationIsVisible = 0;
			defaultConfigurationName = Release;
		};
		2A0A7B99302316B1001EA23E /* Build configuration list for PBXNativeTarget "TsundokuUITests" */ = {
			isa = XCConfigurationList;
			buildConfigurations = (
				2A0A7B9A302316B1001EA23E /* Debug */,
				2A0A7B9B302316B1001EA23E /* Release */,
			);
			defaultConfigurationIsVisible = 0;
			defaultConfigurationName = Release;
		};
		AC000062302316AF001EA23E /* Build configuration list for PBXNativeTarget "ShareExtension" */ = {
			isa = XCConfigurationList;
			buildConfigurations = (
				AC000060302316AF001EA23E /* Debug */,
				AC000061302316AF001EA23E /* Release */,
			);
			defaultConfigurationIsVisible = 0;
			defaultConfigurationName = Release;
		};
/* End XCConfigurationList section */

/* Begin XCRemoteSwiftPackageReference section */
		2A0A7C023024C307001EA23E /* XCRemoteSwiftPackageReference "purchases-ios-spm" */ = {
			isa = XCRemoteSwiftPackageReference;
			repositoryURL = "https://github.com/RevenueCat/purchases-ios-spm.git";
			requirement = {
				kind = upToNextMajorVersion;
				minimumVersion = 5.83.1;
			};
		};
		AF000020302316AF001EA23E /* XCRemoteSwiftPackageReference "GoogleSignIn-iOS" */ = {
			isa = XCRemoteSwiftPackageReference;
			repositoryURL = "https://github.com/google/GoogleSignIn-iOS";
			requirement = {
				kind = upToNextMajorVersion;
				minimumVersion = 9.0.0;
			};
		};
/* End XCRemoteSwiftPackageReference section */

/* Begin XCSwiftPackageProductDependency section */
		2A0A7C033024C307001EA23E /* RevenueCat */ = {
			isa = XCSwiftPackageProductDependency;
			package = 2A0A7C023024C307001EA23E /* XCRemoteSwiftPackageReference "purchases-ios-spm" */;
			productName = RevenueCat;
		};
		2A0A7C053024C307001EA23E /* RevenueCatUI */ = {
			isa = XCSwiftPackageProductDependency;
			package = 2A0A7C023024C307001EA23E /* XCRemoteSwiftPackageReference "purchases-ios-spm" */;
			productName = RevenueCatUI;
		};
		AF000021302316AF001EA23E /* GoogleSignIn */ = {
			isa = XCSwiftPackageProductDependency;
			package = AF000020302316AF001EA23E /* XCRemoteSwiftPackageReference "GoogleSignIn-iOS" */;
			productName = GoogleSignIn;
		};
/* End XCSwiftPackageProductDependency section */
	};
	rootObject = 2A0A7B6A302316AF001EA23E /* Project object */;
}
